Microsoft Visual Studio Solution File, Format Version 12.00
# Visual Studio Version 17
VisualStudioVersion = 17.5.2.0
MinimumVisualStudioVersion = 10.0.40219.1
Project("{FAE04EC0-301F-11D3-BF4B-00C04F79EFBC}") = "rascript-language-server", "rascript-language-server.csproj", "{69E9E174-543D-452C-17D8-10089F34BCA9}"
EndProject
Global
	GlobalSection(SolutionConfigurationPlatforms) = preSolution
		Debug|Any CPU = Debug|Any CPU
		Release|Any CPU = Release|Any CPU
	EndGlobalSection
	GlobalSection(ProjectConfigurationPlatforms) = postSolution
		{69E9E174-543D-452C-17D8-10089F34BCA9}.Debug|Any CPU.ActiveCfg = Debug|Any CPU
		{69E9E174-543D-452C-17D8-10089F34BCA9}.Debug|Any CPU.Build.0 = Debug|Any CPU
		{69E9E174-543D-452C-17D8-10089F34BCA9}.Release|Any CPU.ActiveCfg = Release|Any CPU
		{69E9E174-543D-452C-17D8-10089F34BCA9}.Release|Any CPU.Build.0 = Release|Any CPU
	EndGlobalSection
	GlobalSection(SolutionProperties) = preSolution
		HideSolutionNode = FALSE
	EndGlobalSection
	GlobalSection(ExtensibilityGlobals) = postSolution
		SolutionGuid = {1078F75E-4A58-4D57-8FEA-820E7C5160E0}
	EndGlobalSection
EndGlobal
